
Microsoft Visual Studio Solution File, Format Version 12.00
# Visual Studio Version 17
VisualStudioVersion = 17.0.32112.339
MinimumVisualStudioVersion = 10.0.40219.1
Project("{9A19103F-16F7-4668-BE54-9A1E7A4F7556}") = "BredWeb", "BredWeb\BredWeb.csproj", "{CFF8F497-8F4E-414B-9E0D-F9308EED6C2F}"
EndProject
Global
	GlobalSection(SolutionConfigurationPlatforms) = preSolution
		Debug|Any CPU = Debug|Any CPU
		Release|Any CPU = Release|Any CPU
	EndGlobalSection
	GlobalSection(ProjectConfigurationPlatforms) = postSolution
		{CFF8F497-8F4E-414B-9E0D-F9308EED6C2F}.Debug|Any CPU.ActiveCfg = Debug|Any CPU
		{CFF8F497-8F4E-414B-9E0D-F9308EED6C2F}.Debug|Any CPU.Build.0 = Debug|Any CPU
		{CFF8F497-8F4E-414B-9E0D-F9308EED6C2F}.Release|Any CPU.ActiveCfg = Release|Any CPU
		{CFF8F497-8F4E-414B-9E0D-F9308EED6C2F}.Release|Any CPU.Build.0 = Release|Any CPU
	EndGlobalSection
	GlobalSection(SolutionProperties) = preSolution
		HideSolutionNode = FALSE
	EndGlobalSection
	GlobalSection(ExtensibilityGlobals) = postSolution
		SolutionGuid = {D7607178-B0DA-4816-A219-F3C52AAF92EB}
	EndGlobalSection
EndGlobal
